
Microsoft Visual Studio Solution File, Format Version 12.00
# Visual Studio Version 16
VisualStudioVersion = 16.0.28803.452
MinimumVisualStudioVersion = 15.0.26124.0
Project("{2150E333-8FDC-42A3-9474-1A3956D46DE8}") = ".Config", ".Config", "{BF738A1B-E2CA-4887-98B4-6DD4746FB41E}"
	ProjectSection(SolutionItems) = preProject
		..\.editorconfig = ..\.editorconfig
		..\.gitignore = ..\.gitignore
		..\azure-pipelines.yml = ..\azure-pipelines.yml
		CA.ruleset = CA.ruleset
		..\CHANGELOG.md = ..\CHANGELOG.md
		Directory.Build.props = Directory.Build.props
		Directory.Build.targets = Directory.Build.targets
		..\LICENSE = ..\LICENSE
		nuget.config = nuget.config
		..\README.md = ..\README.md
	EndProjectSection
EndProject
Project("{9A19103F-16F7-4668-BE54-9A1E7A4F7556}") = "DemoApplication", "DemoApplication\DemoApplication.csproj", "{207C972A-1969-43BA-9852-6A8B909A8CD9}"
EndProject
Project("{2150E333-8FDC-42A3-9474-1A3956D46DE8}") = "Library", "Library", "{B093C6D5-B9F9-459F-BCED-2859A38B0744}"
EndProject
Project("{2150E333-8FDC-42A3-9474-1A3956D46DE8}") = "Examples", "Examples", "{0BD3FFFC-B0E1-4D39-855F-1F9846858930}"
EndProject
Project("{9A19103F-16F7-4668-BE54-9A1E7A4F7556}") = "ReqRest.Tests", "ReqRest.Tests\ReqRest.Tests.csproj", "{BDCFDFAC-92C2-456D-8560-B53F07831968}"
EndProject
Project("{9A19103F-16F7-4668-BE54-9A1E7A4F7556}") = "ReqRest.Serializers.NewtonsoftJson", "ReqRest.Serializers.NewtonsoftJson\ReqRest.Serializers.NewtonsoftJson.csproj", "{5311ADD7-58E1-4166-BAC3-4D083DDAFD2D}"
EndProject
Project("{9A19103F-16F7-4668-BE54-9A1E7A4F7556}") = "ReqRest.Serializers.NewtonsoftJson.Tests", "ReqRest.Serializers.NewtonsoftJson.Tests\ReqRest.Serializers.NewtonsoftJson.Tests.csproj", "{1E7E9EC2-69F8-43F7-86EA-E71D0D964A91}"
EndProject
Project("{9A19103F-16F7-4668-BE54-9A1E7A4F7556}") = "ReqRest", "ReqRest\ReqRest.csproj", "{4DD568D9-8C48-4D5D-A4F7-70C29966021A}"
EndProject
Project("{9A19103F-16F7-4668-BE54-9A1E7A4F7556}") = "ReqRest.Tests.Shared", "ReqRest.Tests.Shared\ReqRest.Tests.Shared.csproj", "{D7078917-06DD-405A-8E32-9C90AADCF358}"
EndProject
Project("{9A19103F-16F7-4668-BE54-9A1E7A4F7556}") = "ReqRest.Serializers.Json", "ReqRest.Serializers.Json\ReqRest.Serializers.Json.csproj", "{9B76726D-14A3-470C-8460-8A0E07B8DEFE}"
EndProject
Project("{FAE04EC0-301F-11D3-BF4B-00C04F79EFBC}") = "ReqRest.Serializers.Json.Tests", "ReqRest.Serializers.Json.Tests\ReqRest.Serializers.Json.Tests.csproj", "{090805DE-2080-4E60-A4EC-49BCF41E0D54}"
EndProject
Global
	GlobalSection(SolutionConfigurationPlatforms) = preSolution
		Debug|Any CPU = Debug|Any CPU
		Debug|x64 = Debug|x64
		Debug|x86 = Debug|x86
		Release|Any CPU = Release|Any CPU
		Release|x64 = Release|x64
		Release|x86 = Release|x86
	EndGlobalSection
	GlobalSection(ProjectConfigurationPlatforms) = postSolution
		{207C972A-1969-43BA-9852-6A8B909A8CD9}.Debug|Any CPU.ActiveCfg = Debug|Any CPU
		{207C972A-1969-43BA-9852-6A8B909A8CD9}.Debug|Any CPU.Build.0 = Debug|Any CPU
		{207C972A-1969-43BA-9852-6A8B909A8CD9}.Debug|x64.ActiveCfg = Debug|Any CPU
		{207C972A-1969-43BA-9852-6A8B909A8CD9}.Debug|x64.Build.0 = Debug|Any CPU
		{207C972A-1969-43BA-9852-6A8B909A8CD9}.Debug|x86.ActiveCfg = Debug|Any CPU
		{207C972A-1969-43BA-9852-6A8B909A8CD9}.Debug|x86.Build.0 = Debug|Any CPU
		{207C972A-1969-43BA-9852-6A8B909A8CD9}.Release|Any CPU.ActiveCfg = Release|Any CPU
		{207C972A-1969-43BA-9852-6A8B909A8CD9}.Release|Any CPU.Build.0 = Release|Any CPU
		{207C972A-1969-43BA-9852-6A8B909A8CD9}.Release|x64.ActiveCfg = Release|Any CPU
		{207C972A-1969-43BA-9852-6A8B909A8CD9}.Release|x64.Build.0 = Release|Any CPU
		{207C972A-1969-43BA-9852-6A8B909A8CD9}.Release|x86.ActiveCfg = Release|Any CPU
		{207C972A-1969-43BA-9852-6A8B909A8CD9}.Release|x86.Build.0 = Release|Any CPU
		{BDCFDFAC-92C2-456D-8560-B53F07831968}.Debug|Any CPU.ActiveCfg = Debug|Any CPU
		{BDCFDFAC-92C2-456D-8560-B53F07831968}.Debug|Any CPU.Build.0 = Debug|Any CPU
		{BDCFDFAC-92C2-456D-8560-B53F07831968}.Debug|x64.ActiveCfg = Debug|Any CPU
		{BDCFDFAC-92C2-456D-8560-B53F07831968}.Debug|x64.Build.0 = Debug|Any CPU
		{BDCFDFAC-92C2-456D-8560-B53F07831968}.Debug|x86.ActiveCfg = Debug|Any CPU
		{BDCFDFAC-92C2-456D-8560-B53F07831968}.Debug|x86.Build.0 = Debug|Any CPU
		{BDCFDFAC-92C2-456D-8560-B53F07831968}.Release|Any CPU.ActiveCfg = Release|Any CPU
		{BDCFDFAC-92C2-456D-8560-B53F07831968}.Release|Any CPU.Build.0 = Release|Any CPU
		{BDCFDFAC-92C2-456D-8560-B53F07831968}.Release|x64.ActiveCfg = Release|Any CPU
		{BDCFDFAC-92C2-456D-8560-B53F07831968}.Release|x64.Build.0 = Release|Any CPU
		{BDCFDFAC-92C2-456D-8560-B53F07831968}.Release|x86.ActiveCfg = Release|Any CPU
		{BDCFDFAC-92C2-456D-8560-B53F07831968}.Release|x86.Build.0 = Release|Any CPU
		{5311ADD7-58E1-4166-BAC3-4D083DDAFD2D}.Debug|Any CPU.ActiveCfg = Debug|Any CPU
		{5311ADD7-58E1-4166-BAC3-4D083DDAFD2D}.Debug|Any CPU.Build.0 = Debug|Any CPU
		{5311ADD7-58E1-4166-BAC3-4D083DDAFD2D}.Debug|x64.ActiveCfg = Debug|Any CPU
		{5311ADD7-58E1-4166-BAC3-4D083DDAFD2D}.Debug|x64.Build.0 = Debug|Any CPU
		{5311ADD7-58E1-4166-BAC3-4D083DDAFD2D}.Debug|x86.ActiveCfg = Debug|Any CPU
		{5311ADD7-58E1-4166-BAC3-4D083DDAFD2D}.Debug|x86.Build.0 = Debug|Any CPU
		{5311ADD7-58E1-4166-BAC3-4D083DDAFD2D}.Release|Any CPU.ActiveCfg = Release|Any CPU
		{5311ADD7-58E1-4166-BAC3-4D083DDAFD2D}.Release|Any CPU.Build.0 = Release|Any CPU
		{5311ADD7-58E1-4166-BAC3-4D083DDAFD2D}.Release|x64.ActiveCfg = Release|Any CPU
		{5311ADD7-58E1-4166-BAC3-4D083DDAFD2D}.Release|x64.Build.0 = Release|Any CPU
		{5311ADD7-58E1-4166-BAC3-4D083DDAFD2D}.Release|x86.ActiveCfg = Release|Any CPU
		{5311ADD7-58E1-4166-BAC3-4D083DDAFD2D}.Release|x86.Build.0 = Release|Any CPU
		{1E7E9EC2-69F8-43F7-86EA-E71D0D964A91}.Debug|Any CPU.ActiveCfg = Debug|Any CPU
		{1E7E9EC2-69F8-43F7-86EA-E71D0D964A91}.Debug|Any CPU.Build.0 = Debug|Any CPU
		{1E7E9EC2-69F8-43F7-86EA-E71D0D964A91}.Debug|x64.ActiveCfg = Debug|Any CPU
		{1E7E9EC2-69F8-43F7-86EA-E71D0D964A91}.Debug|x64.Build.0 = Debug|Any CPU
		{1E7E9EC2-69F8-43F7-86EA-E71D0D964A91}.Debug|x86.ActiveCfg = Debug|Any CPU
		{1E7E9EC2-69F8-43F7-86EA-E71D0D964A91}.Debug|x86.Build.0 = Debug|Any CPU
		{1E7E9EC2-69F8-43F7-86EA-E71D0D964A91}.Release|Any CPU.ActiveCfg = Release|Any CPU
		{1E7E9EC2-69F8-43F7-86EA-E71D0D964A91}.Release|Any CPU.Build.0 = Release|Any CPU
		{1E7E9EC2-69F8-43F7-86EA-E71D0D964A91}.Release|x64.ActiveCfg = Release|Any CPU
		{1E7E9EC2-69F8-43F7-86EA-E71D0D964A91}.Release|x64.Build.0 = Release|Any CPU
		{1E7E9EC2-69F8-43F7-86EA-E71D0D964A91}.Release|x86.ActiveCfg = Release|Any CPU
		{1E7E9EC2-69F8-43F7-86EA-E71D0D964A91}.Release|x86.Build.0 = Release|Any CPU
		{4DD568D9-8C48-4D5D-A4F7-70C29966021A}.Debug|Any CPU.ActiveCfg = Debug|Any CPU
		{4DD568D9-8C48-4D5D-A4F7-70C29966021A}.Debug|Any CPU.Build.0 = Debug|Any CPU
		{4DD568D9-8C48-4D5D-A4F7-70C29966021A}.Debug|x64.ActiveCfg = Debug|Any CPU
		{4DD568D9-8C48-4D5D-A4F7-70C29966021A}.Debug|x64.Build.0 = Debug|Any CPU
		{4DD568D9-8C48-4D5D-A4F7-70C29966021A}.Debug|x86.ActiveCfg = Debug|Any CPU
		{4DD568D9-8C48-4D5D-A4F7-70C29966021A}.Debug|x86.Build.0 = Debug|Any CPU
		{4DD568D9-8C48-4D5D-A4F7-70C29966021A}.Release|Any CPU.ActiveCfg = Release|Any CPU
		{4DD568D9-8C48-4D5D-A4F7-70C29966021A}.Release|Any CPU.Build.0 = Release|Any CPU
		{4DD568D9-8C48-4D5D-A4F7-70C29966021A}.Release|x64.ActiveCfg = Release|Any CPU
		{4DD568D9-8C48-4D5D-A4F7-70C29966021A}.Release|x64.Build.0 = Release|Any CPU
		{4DD568D9-8C48-4D5D-A4F7-70C29966021A}.Release|x86.ActiveCfg = Release|Any CPU
		{4DD568D9-8C48-4D5D-A4F7-70C29966021A}.Release|x86.Build.0 = Release|Any CPU
		{D7078917-06DD-405A-8E32-9C90AADCF358}.Debug|Any CPU.ActiveCfg = Debug|Any CPU
		{D7078917-06DD-405A-8E32-9C90AADCF358}.Debug|Any CPU.Build.0 = Debug|Any CPU
		{D7078917-06DD-405A-8E32-9C90AADCF358}.Debug|x64.ActiveCfg = Debug|Any CPU
		{D7078917-06DD-405A-8E32-9C90AADCF358}.Debug|x64.Build.0 = Debug|Any CPU
		{D7078917-06DD-405A-8E32-9C90AADCF358}.Debug|x86.ActiveCfg = Debug|Any CPU
		{D7078917-06DD-405A-8E32-9C90AADCF358}.Debug|x86.Build.0 = Debug|Any CPU
		{D7078917-06DD-405A-8E32-9C90AADCF358}.Release|Any CPU.ActiveCfg = Release|Any CPU
		{D7078917-06DD-405A-8E32-9C90AADCF358}.Release|Any CPU.Build.0 = Release|Any CPU
		{D7078917-06DD-405A-8E32-9C90AADCF358}.Release|x64.ActiveCfg = Release|Any CPU
		{D7078917-06DD-405A-8E32-9C90AADCF358}.Release|x64.Build.0 = Release|Any CPU
		{D7078917-06DD-405A-8E32-9C90AADCF358}.Release|x86.ActiveCfg = Release|Any CPU
		{D7078917-06DD-405A-8E32-9C90AADCF358}.Release|x86.Build.0 = Release|Any CPU
		{9B76726D-14A3-470C-8460-8A0E07B8DEFE}.Debug|Any CPU.ActiveCfg = Debug|Any CPU
		{9B76726D-14A3-470C-8460-8A0E07B8DEFE}.Debug|Any CPU.Build.0 = Debug|Any CPU
		{9B76726D-14A3-470C-8460-8A0E07B8DEFE}.Debug|x64.ActiveCfg = Debug|Any CPU
		{9B76726D-14A3-470C-8460-8A0E07B8DEFE}.Debug|x64.Build.0 = Debug|Any CPU
		{9B76726D-14A3-470C-8460-8A0E07B8DEFE}.Debug|x86.ActiveCfg = Debug|Any CPU
		{9B76726D-14A3-470C-8460-8A0E07B8DEFE}.Debug|x86.Build.0 = Debug|Any CPU
		{9B76726D-14A3-470C-8460-8A0E07B8DEFE}.Release|Any CPU.ActiveCfg = Release|Any CPU
		{9B76726D-14A3-470C-8460-8A0E07B8DEFE}.Release|Any CPU.Build.0 = Release|Any CPU
		{9B76726D-14A3-470C-8460-8A0E07B8DEFE}.Release|x64.ActiveCfg = Release|Any CPU
		{9B76726D-14A3-470C-8460-8A0E07B8DEFE}.Release|x64.Build.0 = Release|Any CPU
		{9B76726D-14A3-470C-8460-8A0E07B8DEFE}.Release|x86.ActiveCfg = Release|Any CPU
		{9B76726D-14A3-470C-8460-8A0E07B8DEFE}.Release|x86.Build.0 = Release|Any CPU
		{090805DE-2080-4E60-A4EC-49BCF41E0D54}.Debug|Any CPU.ActiveCfg = Debug|Any CPU
		{090805DE-2080-4E60-A4EC-49BCF41E0D54}.Debug|Any CPU.Build.0 = Debug|Any CPU
		{090805DE-2080-4E60-A4EC-49BCF41E0D54}.Debug|x64.ActiveCfg = Debug|Any CPU
		{090805DE-2080-4E60-A4EC-49BCF41E0D54}.Debug|x64.Build.0 = Debug|Any CPU
		{090805DE-2080-4E60-A4EC-49BCF41E0D54}.Debug|x86.ActiveCfg = Debug|Any CPU
		{090805DE-2080-4E60-A4EC-49BCF41E0D54}.Debug|x86.Build.0 = Debug|Any CPU
		{090805DE-2080-4E60-A4EC-49BCF41E0D54}.Release|Any CPU.ActiveCfg = Release|Any CPU
		{090805DE-2080-4E60-A4EC-49BCF41E0D54}.Release|Any CPU.Build.0 = Release|Any CPU
		{090805DE-2080-4E60-A4EC-49BCF41E0D54}.Release|x64.ActiveCfg = Release|Any CPU
		{090805DE-2080-4E60-A4EC-49BCF41E0D54}.Release|x64.Build.0 = Release|Any CPU
		{090805DE-2080-4E60-A4EC-49BCF41E0D54}.Release|x86.ActiveCfg = Release|Any CPU
		{090805DE-2080-4E60-A4EC-49BCF41E0D54}.Release|x86.Build.0 = Release|Any CPU
	EndGlobalSection
	GlobalSection(SolutionProperties) = preSolution
		HideSolutionNode = FALSE
	EndGlobalSection
	GlobalSection(NestedProjects) = preSolution
		{207C972A-1969-43BA-9852-6A8B909A8CD9} = {0BD3FFFC-B0E1-4D39-855F-1F9846858930}
		{BDCFDFAC-92C2-456D-8560-B53F07831968} = {B093C6D5-B9F9-459F-BCED-2859A38B0744}
		{5311ADD7-58E1-4166-BAC3-4D083DDAFD2D} = {B093C6D5-B9F9-459F-BCED-2859A38B0744}
		{1E7E9EC2-69F8-43F7-86EA-E71D0D964A91} = {B093C6D5-B9F9-459F-BCED-2859A38B0744}
		{4DD568D9-8C48-4D5D-A4F7-70C29966021A} = {B093C6D5-B9F9-459F-BCED-2859A38B0744}
		{D7078917-06DD-405A-8E32-9C90AADCF358} = {B093C6D5-B9F9-459F-BCED-2859A38B0744}
		{9B76726D-14A3-470C-8460-8A0E07B8DEFE} = {B093C6D5-B9F9-459F-BCED-2859A38B0744}
		{090805DE-2080-4E60-A4EC-49BCF41E0D54} = {B093C6D5-B9F9-459F-BCED-2859A38B0744}
	EndGlobalSection
	GlobalSection(ExtensibilityGlobals) = postSolution
		SolutionGuid = {09A1C97D-6B57-4AAD-9978-691CF49CAE7E}
	EndGlobalSection
EndGlobal
