
Microsoft Visual Studio Solution File, Format Version 12.00
# Visual Studio Version 16
VisualStudioVersion = 16.0.28803.452
MinimumVisualStudioVersion = 15.0.26124.0
Project("{9A19103F-16F7-4668-BE54-9A1E7A4F7556}") = "ReqRest.Client", "ReqRest.Client\ReqRest.Client.csproj", "{CF7DACBF-CB3A-47F3-9E87-FFC53926CF90}"
EndProject
Project("{2150E333-8FDC-42A3-9474-1A3956D46DE8}") = ".Config", ".Config", "{BF738A1B-E2CA-4887-98B4-6DD4746FB41E}"
	ProjectSection(SolutionItems) = preProject
		.editorconfig = .editorconfig
		..\azure-pipelines.yml = ..\azure-pipelines.yml
		CA.ruleset = CA.ruleset
		Directory.Build.props = Directory.Build.props
	EndProjectSection
EndProject
Project("{9A19103F-16F7-4668-BE54-9A1E7A4F7556}") = "DemoApplication", "DemoApplication\DemoApplication.csproj", "{207C972A-1969-43BA-9852-6A8B909A8CD9}"
EndProject
Project("{2150E333-8FDC-42A3-9474-1A3956D46DE8}") = "Library", "Library", "{B093C6D5-B9F9-459F-BCED-2859A38B0744}"
EndProject
Project("{2150E333-8FDC-42A3-9474-1A3956D46DE8}") = "Examples", "Examples", "{0BD3FFFC-B0E1-4D39-855F-1F9846858930}"
EndProject
Project("{9A19103F-16F7-4668-BE54-9A1E7A4F7556}") = "ReqRest.Client.Tests", "ReqRest.Client.Tests\ReqRest.Client.Tests.csproj", "{BDCFDFAC-92C2-456D-8560-B53F07831968}"
EndProject
Project("{9A19103F-16F7-4668-BE54-9A1E7A4F7556}") = "ReqRest.Builders", "ReqRest.Builders\ReqRest.Builders.csproj", "{3F9BE8D5-F8A6-45B1-A223-38F2F55417CD}"
EndProject
Project("{9A19103F-16F7-4668-BE54-9A1E7A4F7556}") = "ReqRest.Builders.Tests", "ReqRest.Builders.Tests\ReqRest.Builders.Tests.csproj", "{9BF04492-7651-459C-A435-78A8A1503FB5}"
EndProject
Project("{9A19103F-16F7-4668-BE54-9A1E7A4F7556}") = "ReqRest.Serializers.NewtonsoftJson", "ReqRest.Serializers.NewtonsoftJson\ReqRest.Serializers.NewtonsoftJson.csproj", "{5311ADD7-58E1-4166-BAC3-4D083DDAFD2D}"
EndProject
Project("{9A19103F-16F7-4668-BE54-9A1E7A4F7556}") = "ReqRest.Http", "ReqRest.Http\ReqRest.Http.csproj", "{0D1DF17B-6654-41AB-923A-9C675564F8CD}"
EndProject
Project("{9A19103F-16F7-4668-BE54-9A1E7A4F7556}") = "ReqRest.Serializers", "ReqRest.Serializers\ReqRest.Serializers.csproj", "{0E966311-66C7-4953-9359-2C0CAE5CA06A}"
EndProject
Project("{9A19103F-16F7-4668-BE54-9A1E7A4F7556}") = "ReqRest.Http.Tests", "ReqRest.Http.Tests\ReqRest.Http.Tests.csproj", "{2DA17E43-2FBE-44FE-B158-562228759B76}"
EndProject
Project("{FAE04EC0-301F-11D3-BF4B-00C04F79EFBC}") = "ReqRest.Serializers.Tests", "ReqRest.Serializers.Tests\ReqRest.Serializers.Tests.csproj", "{7A1EC30D-7959-4B41-97BC-6DBFEDF721B2}"
EndProject
Global
	GlobalSection(SolutionConfigurationPlatforms) = preSolution
		Debug|Any CPU = Debug|Any CPU
		Debug|x64 = Debug|x64
		Debug|x86 = Debug|x86
		Release|Any CPU = Release|Any CPU
		Release|x64 = Release|x64
		Release|x86 = Release|x86
	EndGlobalSection
	GlobalSection(ProjectConfigurationPlatforms) = postSolution
		{CF7DACBF-CB3A-47F3-9E87-FFC53926CF90}.Debug|Any CPU.ActiveCfg = Debug|Any CPU
		{CF7DACBF-CB3A-47F3-9E87-FFC53926CF90}.Debug|Any CPU.Build.0 = Debug|Any CPU
		{CF7DACBF-CB3A-47F3-9E87-FFC53926CF90}.Debug|x64.ActiveCfg = Debug|Any CPU
		{CF7DACBF-CB3A-47F3-9E87-FFC53926CF90}.Debug|x64.Build.0 = Debug|Any CPU
		{CF7DACBF-CB3A-47F3-9E87-FFC53926CF90}.Debug|x86.ActiveCfg = Debug|Any CPU
		{CF7DACBF-CB3A-47F3-9E87-FFC53926CF90}.Debug|x86.Build.0 = Debug|Any CPU
		{CF7DACBF-CB3A-47F3-9E87-FFC53926CF90}.Release|Any CPU.ActiveCfg = Release|Any CPU
		{CF7DACBF-CB3A-47F3-9E87-FFC53926CF90}.Release|Any CPU.Build.0 = Release|Any CPU
		{CF7DACBF-CB3A-47F3-9E87-FFC53926CF90}.Release|x64.ActiveCfg = Release|Any CPU
		{CF7DACBF-CB3A-47F3-9E87-FFC53926CF90}.Release|x64.Build.0 = Release|Any CPU
		{CF7DACBF-CB3A-47F3-9E87-FFC53926CF90}.Release|x86.ActiveCfg = Release|Any CPU
		{CF7DACBF-CB3A-47F3-9E87-FFC53926CF90}.Release|x86.Build.0 = Release|Any CPU
		{207C972A-1969-43BA-9852-6A8B909A8CD9}.Debug|Any CPU.ActiveCfg = Debug|Any CPU
		{207C972A-1969-43BA-9852-6A8B909A8CD9}.Debug|Any CPU.Build.0 = Debug|Any CPU
		{207C972A-1969-43BA-9852-6A8B909A8CD9}.Debug|x64.ActiveCfg = Debug|Any CPU
		{207C972A-1969-43BA-9852-6A8B909A8CD9}.Debug|x64.Build.0 = Debug|Any CPU
		{207C972A-1969-43BA-9852-6A8B909A8CD9}.Debug|x86.ActiveCfg = Debug|Any CPU
		{207C972A-1969-43BA-9852-6A8B909A8CD9}.Debug|x86.Build.0 = Debug|Any CPU
		{207C972A-1969-43BA-9852-6A8B909A8CD9}.Release|Any CPU.ActiveCfg = Release|Any CPU
		{207C972A-1969-43BA-9852-6A8B909A8CD9}.Release|Any CPU.Build.0 = Release|Any CPU
		{207C972A-1969-43BA-9852-6A8B909A8CD9}.Release|x64.ActiveCfg = Release|Any CPU
		{207C972A-1969-43BA-9852-6A8B909A8CD9}.Release|x64.Build.0 = Release|Any CPU
		{207C972A-1969-43BA-9852-6A8B909A8CD9}.Release|x86.ActiveCfg = Release|Any CPU
		{207C972A-1969-43BA-9852-6A8B909A8CD9}.Release|x86.Build.0 = Release|Any CPU
		{BDCFDFAC-92C2-456D-8560-B53F07831968}.Debug|Any CPU.ActiveCfg = Debug|Any CPU
		{BDCFDFAC-92C2-456D-8560-B53F07831968}.Debug|Any CPU.Build.0 = Debug|Any CPU
		{BDCFDFAC-92C2-456D-8560-B53F07831968}.Debug|x64.ActiveCfg = Debug|Any CPU
		{BDCFDFAC-92C2-456D-8560-B53F07831968}.Debug|x64.Build.0 = Debug|Any CPU
		{BDCFDFAC-92C2-456D-8560-B53F07831968}.Debug|x86.ActiveCfg = Debug|Any CPU
		{BDCFDFAC-92C2-456D-8560-B53F07831968}.Debug|x86.Build.0 = Debug|Any CPU
		{BDCFDFAC-92C2-456D-8560-B53F07831968}.Release|Any CPU.ActiveCfg = Release|Any CPU
		{BDCFDFAC-92C2-456D-8560-B53F07831968}.Release|Any CPU.Build.0 = Release|Any CPU
		{BDCFDFAC-92C2-456D-8560-B53F07831968}.Release|x64.ActiveCfg = Release|Any CPU
		{BDCFDFAC-92C2-456D-8560-B53F07831968}.Release|x64.Build.0 = Release|Any CPU
		{BDCFDFAC-92C2-456D-8560-B53F07831968}.Release|x86.ActiveCfg = Release|Any CPU
		{BDCFDFAC-92C2-456D-8560-B53F07831968}.Release|x86.Build.0 = Release|Any CPU
		{3F9BE8D5-F8A6-45B1-A223-38F2F55417CD}.Debug|Any CPU.ActiveCfg = Debug|Any CPU
		{3F9BE8D5-F8A6-45B1-A223-38F2F55417CD}.Debug|Any CPU.Build.0 = Debug|Any CPU
		{3F9BE8D5-F8A6-45B1-A223-38F2F55417CD}.Debug|x64.ActiveCfg = Debug|Any CPU
		{3F9BE8D5-F8A6-45B1-A223-38F2F55417CD}.Debug|x64.Build.0 = Debug|Any CPU
		{3F9BE8D5-F8A6-45B1-A223-38F2F55417CD}.Debug|x86.ActiveCfg = Debug|Any CPU
		{3F9BE8D5-F8A6-45B1-A223-38F2F55417CD}.Debug|x86.Build.0 = Debug|Any CPU
		{3F9BE8D5-F8A6-45B1-A223-38F2F55417CD}.Release|Any CPU.ActiveCfg = Release|Any CPU
		{3F9BE8D5-F8A6-45B1-A223-38F2F55417CD}.Release|Any CPU.Build.0 = Release|Any CPU
		{3F9BE8D5-F8A6-45B1-A223-38F2F55417CD}.Release|x64.ActiveCfg = Release|Any CPU
		{3F9BE8D5-F8A6-45B1-A223-38F2F55417CD}.Release|x64.Build.0 = Release|Any CPU
		{3F9BE8D5-F8A6-45B1-A223-38F2F55417CD}.Release|x86.ActiveCfg = Release|Any CPU
		{3F9BE8D5-F8A6-45B1-A223-38F2F55417CD}.Release|x86.Build.0 = Release|Any CPU
		{9BF04492-7651-459C-A435-78A8A1503FB5}.Debug|Any CPU.ActiveCfg = Debug|Any CPU
		{9BF04492-7651-459C-A435-78A8A1503FB5}.Debug|Any CPU.Build.0 = Debug|Any CPU
		{9BF04492-7651-459C-A435-78A8A1503FB5}.Debug|x64.ActiveCfg = Debug|Any CPU
		{9BF04492-7651-459C-A435-78A8A1503FB5}.Debug|x64.Build.0 = Debug|Any CPU
		{9BF04492-7651-459C-A435-78A8A1503FB5}.Debug|x86.ActiveCfg = Debug|Any CPU
		{9BF04492-7651-459C-A435-78A8A1503FB5}.Debug|x86.Build.0 = Debug|Any CPU
		{9BF04492-7651-459C-A435-78A8A1503FB5}.Release|Any CPU.ActiveCfg = Release|Any CPU
		{9BF04492-7651-459C-A435-78A8A1503FB5}.Release|Any CPU.Build.0 = Release|Any CPU
		{9BF04492-7651-459C-A435-78A8A1503FB5}.Release|x64.ActiveCfg = Release|Any CPU
		{9BF04492-7651-459C-A435-78A8A1503FB5}.Release|x64.Build.0 = Release|Any CPU
		{9BF04492-7651-459C-A435-78A8A1503FB5}.Release|x86.ActiveCfg = Release|Any CPU
		{9BF04492-7651-459C-A435-78A8A1503FB5}.Release|x86.Build.0 = Release|Any CPU
		{5311ADD7-58E1-4166-BAC3-4D083DDAFD2D}.Debug|Any CPU.ActiveCfg = Debug|Any CPU
		{5311ADD7-58E1-4166-BAC3-4D083DDAFD2D}.Debug|Any CPU.Build.0 = Debug|Any CPU
		{5311ADD7-58E1-4166-BAC3-4D083DDAFD2D}.Debug|x64.ActiveCfg = Debug|Any CPU
		{5311ADD7-58E1-4166-BAC3-4D083DDAFD2D}.Debug|x64.Build.0 = Debug|Any CPU
		{5311ADD7-58E1-4166-BAC3-4D083DDAFD2D}.Debug|x86.ActiveCfg = Debug|Any CPU
		{5311ADD7-58E1-4166-BAC3-4D083DDAFD2D}.Debug|x86.Build.0 = Debug|Any CPU
		{5311ADD7-58E1-4166-BAC3-4D083DDAFD2D}.Release|Any CPU.ActiveCfg = Release|Any CPU
		{5311ADD7-58E1-4166-BAC3-4D083DDAFD2D}.Release|Any CPU.Build.0 = Release|Any CPU
		{5311ADD7-58E1-4166-BAC3-4D083DDAFD2D}.Release|x64.ActiveCfg = Release|Any CPU
		{5311ADD7-58E1-4166-BAC3-4D083DDAFD2D}.Release|x64.Build.0 = Release|Any CPU
		{5311ADD7-58E1-4166-BAC3-4D083DDAFD2D}.Release|x86.ActiveCfg = Release|Any CPU
		{5311ADD7-58E1-4166-BAC3-4D083DDAFD2D}.Release|x86.Build.0 = Release|Any CPU
		{0D1DF17B-6654-41AB-923A-9C675564F8CD}.Debug|Any CPU.ActiveCfg = Debug|Any CPU
		{0D1DF17B-6654-41AB-923A-9C675564F8CD}.Debug|Any CPU.Build.0 = Debug|Any CPU
		{0D1DF17B-6654-41AB-923A-9C675564F8CD}.Debug|x64.ActiveCfg = Debug|Any CPU
		{0D1DF17B-6654-41AB-923A-9C675564F8CD}.Debug|x64.Build.0 = Debug|Any CPU
		{0D1DF17B-6654-41AB-923A-9C675564F8CD}.Debug|x86.ActiveCfg = Debug|Any CPU
		{0D1DF17B-6654-41AB-923A-9C675564F8CD}.Debug|x86.Build.0 = Debug|Any CPU
		{0D1DF17B-6654-41AB-923A-9C675564F8CD}.Release|Any CPU.ActiveCfg = Release|Any CPU
		{0D1DF17B-6654-41AB-923A-9C675564F8CD}.Release|Any CPU.Build.0 = Release|Any CPU
		{0D1DF17B-6654-41AB-923A-9C675564F8CD}.Release|x64.ActiveCfg = Release|Any CPU
		{0D1DF17B-6654-41AB-923A-9C675564F8CD}.Release|x64.Build.0 = Release|Any CPU
		{0D1DF17B-6654-41AB-923A-9C675564F8CD}.Release|x86.ActiveCfg = Release|Any CPU
		{0D1DF17B-6654-41AB-923A-9C675564F8CD}.Release|x86.Build.0 = Release|Any CPU
		{0E966311-66C7-4953-9359-2C0CAE5CA06A}.Debug|Any CPU.ActiveCfg = Debug|Any CPU
		{0E966311-66C7-4953-9359-2C0CAE5CA06A}.Debug|Any CPU.Build.0 = Debug|Any CPU
		{0E966311-66C7-4953-9359-2C0CAE5CA06A}.Debug|x64.ActiveCfg = Debug|Any CPU
		{0E966311-66C7-4953-9359-2C0CAE5CA06A}.Debug|x64.Build.0 = Debug|Any CPU
		{0E966311-66C7-4953-9359-2C0CAE5CA06A}.Debug|x86.ActiveCfg = Debug|Any CPU
		{0E966311-66C7-4953-9359-2C0CAE5CA06A}.Debug|x86.Build.0 = Debug|Any CPU
		{0E966311-66C7-4953-9359-2C0CAE5CA06A}.Release|Any CPU.ActiveCfg = Release|Any CPU
		{0E966311-66C7-4953-9359-2C0CAE5CA06A}.Release|Any CPU.Build.0 = Release|Any CPU
		{0E966311-66C7-4953-9359-2C0CAE5CA06A}.Release|x64.ActiveCfg = Release|Any CPU
		{0E966311-66C7-4953-9359-2C0CAE5CA06A}.Release|x64.Build.0 = Release|Any CPU
		{0E966311-66C7-4953-9359-2C0CAE5CA06A}.Release|x86.ActiveCfg = Release|Any CPU
		{0E966311-66C7-4953-9359-2C0CAE5CA06A}.Release|x86.Build.0 = Release|Any CPU
		{2DA17E43-2FBE-44FE-B158-562228759B76}.Debug|Any CPU.ActiveCfg = Debug|Any CPU
		{2DA17E43-2FBE-44FE-B158-562228759B76}.Debug|Any CPU.Build.0 = Debug|Any CPU
		{2DA17E43-2FBE-44FE-B158-562228759B76}.Debug|x64.ActiveCfg = Debug|Any CPU
		{2DA17E43-2FBE-44FE-B158-562228759B76}.Debug|x64.Build.0 = Debug|Any CPU
		{2DA17E43-2FBE-44FE-B158-562228759B76}.Debug|x86.ActiveCfg = Debug|Any CPU
		{2DA17E43-2FBE-44FE-B158-562228759B76}.Debug|x86.Build.0 = Debug|Any CPU
		{2DA17E43-2FBE-44FE-B158-562228759B76}.Release|Any CPU.ActiveCfg = Release|Any CPU
		{2DA17E43-2FBE-44FE-B158-562228759B76}.Release|Any CPU.Build.0 = Release|Any CPU
		{2DA17E43-2FBE-44FE-B158-562228759B76}.Release|x64.ActiveCfg = Release|Any CPU
		{2DA17E43-2FBE-44FE-B158-562228759B76}.Release|x64.Build.0 = Release|Any CPU
		{2DA17E43-2FBE-44FE-B158-562228759B76}.Release|x86.ActiveCfg = Release|Any CPU
		{2DA17E43-2FBE-44FE-B158-562228759B76}.Release|x86.Build.0 = Release|Any CPU
		{7A1EC30D-7959-4B41-97BC-6DBFEDF721B2}.Debug|Any CPU.ActiveCfg = Debug|Any CPU
		{7A1EC30D-7959-4B41-97BC-6DBFEDF721B2}.Debug|Any CPU.Build.0 = Debug|Any CPU
		{7A1EC30D-7959-4B41-97BC-6DBFEDF721B2}.Debug|x64.ActiveCfg = Debug|Any CPU
		{7A1EC30D-7959-4B41-97BC-6DBFEDF721B2}.Debug|x64.Build.0 = Debug|Any CPU
		{7A1EC30D-7959-4B41-97BC-6DBFEDF721B2}.Debug|x86.ActiveCfg = Debug|Any CPU
		{7A1EC30D-7959-4B41-97BC-6DBFEDF721B2}.Debug|x86.Build.0 = Debug|Any CPU
		{7A1EC30D-7959-4B41-97BC-6DBFEDF721B2}.Release|Any CPU.ActiveCfg = Release|Any CPU
		{7A1EC30D-7959-4B41-97BC-6DBFEDF721B2}.Release|Any CPU.Build.0 = Release|Any CPU
		{7A1EC30D-7959-4B41-97BC-6DBFEDF721B2}.Release|x64.ActiveCfg = Release|Any CPU
		{7A1EC30D-7959-4B41-97BC-6DBFEDF721B2}.Release|x64.Build.0 = Release|Any CPU
		{7A1EC30D-7959-4B41-97BC-6DBFEDF721B2}.Release|x86.ActiveCfg = Release|Any CPU
		{7A1EC30D-7959-4B41-97BC-6DBFEDF721B2}.Release|x86.Build.0 = Release|Any CPU
	EndGlobalSection
	GlobalSection(SolutionProperties) = preSolution
		HideSolutionNode = FALSE
	EndGlobalSection
	GlobalSection(NestedProjects) = preSolution
		{CF7DACBF-CB3A-47F3-9E87-FFC53926CF90} = {B093C6D5-B9F9-459F-BCED-2859A38B0744}
		{207C972A-1969-43BA-9852-6A8B909A8CD9} = {0BD3FFFC-B0E1-4D39-855F-1F9846858930}
		{BDCFDFAC-92C2-456D-8560-B53F07831968} = {B093C6D5-B9F9-459F-BCED-2859A38B0744}
		{3F9BE8D5-F8A6-45B1-A223-38F2F55417CD} = {B093C6D5-B9F9-459F-BCED-2859A38B0744}
		{9BF04492-7651-459C-A435-78A8A1503FB5} = {B093C6D5-B9F9-459F-BCED-2859A38B0744}
		{5311ADD7-58E1-4166-BAC3-4D083DDAFD2D} = {B093C6D5-B9F9-459F-BCED-2859A38B0744}
		{0D1DF17B-6654-41AB-923A-9C675564F8CD} = {B093C6D5-B9F9-459F-BCED-2859A38B0744}
		{0E966311-66C7-4953-9359-2C0CAE5CA06A} = {B093C6D5-B9F9-459F-BCED-2859A38B0744}
		{2DA17E43-2FBE-44FE-B158-562228759B76} = {B093C6D5-B9F9-459F-BCED-2859A38B0744}
		{7A1EC30D-7959-4B41-97BC-6DBFEDF721B2} = {B093C6D5-B9F9-459F-BCED-2859A38B0744}
	EndGlobalSection
	GlobalSection(ExtensibilityGlobals) = postSolution
		SolutionGuid = {09A1C97D-6B57-4AAD-9978-691CF49CAE7E}
	EndGlobalSection
EndGlobal
